
Microsoft Visual Studio Solution File, Format Version 12.00
# Visual Studio Version 17
VisualStudioVersion = 17.8.34511.84
MinimumVisualStudioVersion = 10.0.40219.1
Project("{FAE04EC0-301F-11D3-BF4B-00C04F79EFBC}") = "CIT 195 Lesson 6 Generic Animal Class", "CIT 195 Lesson 6 Generic Animal Class.csproj", "{22DFC46C-74E7-4A88-B0F7-4DCC36C94F1D}"
EndProject
Global
	GlobalSection(SolutionConfigurationPlatforms) = preSolution
		Debug|Any CPU = Debug|Any CPU
		Release|Any CPU = Release|Any CPU
	EndGlobalSection
	GlobalSection(ProjectConfigurationPlatforms) = postSolution
		{22DFC46C-74E7-4A88-B0F7-4DCC36C94F1D}.Debug|Any CPU.ActiveCfg = Debug|Any CPU
		{22DFC46C-74E7-4A88-B0F7-4DCC36C94F1D}.Debug|Any CPU.Build.0 = Debug|Any CPU
		{22DFC46C-74E7-4A88-B0F7-4DCC36C94F1D}.Release|Any CPU.ActiveCfg = Release|Any CPU
		{22DFC46C-74E7-4A88-B0F7-4DCC36C94F1D}.Release|Any CPU.Build.0 = Release|Any CPU
	EndGlobalSection
	GlobalSection(SolutionProperties) = preSolution
		HideSolutionNode = FALSE
	EndGlobalSection
	GlobalSection(ExtensibilityGlobals) = postSolution
		SolutionGuid = {89C197B2-4675-4FC3-9C93-E7AE296FD514}
	EndGlobalSection
EndGlobal
